
Microsoft Visual Studio Solution File, Format Version 12.00
# Visual Studio Version 17
VisualStudioVersion = 17.9.34723.18
MinimumVisualStudioVersion = 10.0.40219.1
Project("{FAE04EC0-301F-11D3-BF4B-00C04F79EFBC}") = "deliveryapp", "deliveryapp\deliveryapp.csproj", "{7B532BFA-0383-4A0C-BE06-1D1DFA5FBEB7}"
EndProject
Global
	GlobalSection(SolutionConfigurationPlatforms) = preSolution
		Debug|Any CPU = Debug|Any CPU
		Release|Any CPU = Release|Any CPU
	EndGlobalSection
	GlobalSection(ProjectConfigurationPlatforms) = postSolution
		{7B532BFA-0383-4A0C-BE06-1D1DFA5FBEB7}.Debug|Any CPU.ActiveCfg = Debug|Any CPU
		{7B532BFA-0383-4A0C-BE06-1D1DFA5FBEB7}.Debug|Any CPU.Build.0 = Debug|Any CPU
		{7B532BFA-0383-4A0C-BE06-1D1DFA5FBEB7}.Release|Any CPU.ActiveCfg = Release|Any CPU
		{7B532BFA-0383-4A0C-BE06-1D1DFA5FBEB7}.Release|Any CPU.Build.0 = Release|Any CPU
	EndGlobalSection
	GlobalSection(SolutionProperties) = preSolution
		HideSolutionNode = FALSE
	EndGlobalSection
	GlobalSection(ExtensibilityGlobals) = postSolution
		SolutionGuid = {42D63A07-79EF-4452-94F1-52DD8BA46EEB}
	EndGlobalSection
EndGlobal
